
Microsoft Visual Studio Solution File, Format Version 12.00
# Visual Studio Version 16
VisualStudioVersion = 16.0.31727.386
MinimumVisualStudioVersion = 10.0.40219.1
Project("{FAE04EC0-301F-11D3-BF4B-00C04F79EFBC}") = "VoevodPalada_MariusPetre_Lab10.Android", "VoevodPalada_MariusPetre_Lab10\VoevodPalada_MariusPetre_Lab10.Android\VoevodPalada_MariusPetre_Lab10.Android.csproj", "{853CC90A-7CEF-4FDA-91E0-021A25F5749D}"
EndProject
Project("{FAE04EC0-301F-11D3-BF4B-00C04F79EFBC}") = "VoevodPalada_MariusPetre_Lab10.iOS", "VoevodPalada_MariusPetre_Lab10\VoevodPalada_MariusPetre_Lab10.iOS\VoevodPalada_MariusPetre_Lab10.iOS.csproj", "{7FFF71A9-A695-4378-99CF-E30E4BD1DE07}"
EndProject
Project("{FAE04EC0-301F-11D3-BF4B-00C04F79EFBC}") = "VoevodPalada_MariusPetre_Lab10", "VoevodPalada_MariusPetre_Lab10\VoevodPalada_MariusPetre_Lab10\VoevodPalada_MariusPetre_Lab10.csproj", "{54F9AB6B-FF04-4A27-97E9-BCB86ACCDF8F}"
EndProject
Global
	GlobalSection(SolutionConfigurationPlatforms) = preSolution
		Debug|Any CPU = Debug|Any CPU
		Debug|iPhone = Debug|iPhone
		Debug|iPhoneSimulator = Debug|iPhoneSimulator
		Release|Any CPU = Release|Any CPU
		Release|iPhone = Release|iPhone
		Release|iPhoneSimulator = Release|iPhoneSimulator
	EndGlobalSection
	GlobalSection(ProjectConfigurationPlatforms) = postSolution
		{853CC90A-7CEF-4FDA-91E0-021A25F5749D}.Debug|Any CPU.ActiveCfg = Debug|Any CPU
		{853CC90A-7CEF-4FDA-91E0-021A25F5749D}.Debug|Any CPU.Build.0 = Debug|Any CPU
		{853CC90A-7CEF-4FDA-91E0-021A25F5749D}.Debug|Any CPU.Deploy.0 = Debug|Any CPU
		{853CC90A-7CEF-4FDA-91E0-021A25F5749D}.Debug|iPhone.ActiveCfg = Debug|Any CPU
		{853CC90A-7CEF-4FDA-91E0-021A25F5749D}.Debug|iPhone.Build.0 = Debug|Any CPU
		{853CC90A-7CEF-4FDA-91E0-021A25F5749D}.Debug|iPhone.Deploy.0 = Debug|Any CPU
		{853CC90A-7CEF-4FDA-91E0-021A25F5749D}.Debug|iPhoneSimulator.ActiveCfg = Debug|Any CPU
		{853CC90A-7CEF-4FDA-91E0-021A25F5749D}.Debug|iPhoneSimulator.Build.0 = Debug|Any CPU
		{853CC90A-7CEF-4FDA-91E0-021A25F5749D}.Debug|iPhoneSimulator.Deploy.0 = Debug|Any CPU
		{853CC90A-7CEF-4FDA-91E0-021A25F5749D}.Release|Any CPU.ActiveCfg = Release|Any CPU
		{853CC90A-7CEF-4FDA-91E0-021A25F5749D}.Release|Any CPU.Build.0 = Release|Any CPU
		{853CC90A-7CEF-4FDA-91E0-021A25F5749D}.Release|Any CPU.Deploy.0 = Release|Any CPU
		{853CC90A-7CEF-4FDA-91E0-021A25F5749D}.Release|iPhone.ActiveCfg = Release|Any CPU
		{853CC90A-7CEF-4FDA-91E0-021A25F5749D}.Release|iPhone.Build.0 = Release|Any CPU
		{853CC90A-7CEF-4FDA-91E0-021A25F5749D}.Release|iPhone.Deploy.0 = Release|Any CPU
		{853CC90A-7CEF-4FDA-91E0-021A25F5749D}.Release|iPhoneSimulator.ActiveCfg = Release|Any CPU
		{853CC90A-7CEF-4FDA-91E0-021A25F5749D}.Release|iPhoneSimulator.Build.0 = Release|Any CPU
		{853CC90A-7CEF-4FDA-91E0-021A25F5749D}.Release|iPhoneSimulator.Deploy.0 = Release|Any CPU
		{7FFF71A9-A695-4378-99CF-E30E4BD1DE07}.Debug|Any CPU.ActiveCfg = Debug|iPhone
		{7FFF71A9-A695-4378-99CF-E30E4BD1DE07}.Debug|Any CPU.Build.0 = Debug|iPhone
		{7FFF71A9-A695-4378-99CF-E30E4BD1DE07}.Debug|Any CPU.Deploy.0 = Debug|iPhone
		{7FFF71A9-A695-4378-99CF-E30E4BD1DE07}.Debug|iPhone.ActiveCfg = Debug|iPhone
		{7FFF71A9-A695-4378-99CF-E30E4BD1DE07}.Debug|iPhone.Build.0 = Debug|iPhone
		{7FFF71A9-A695-4378-99CF-E30E4BD1DE07}.Debug|iPhone.Deploy.0 = Debug|iPhone
		{7FFF71A9-A695-4378-99CF-E30E4BD1DE07}.Debug|iPhoneSimulator.ActiveCfg = Debug|iPhoneSimulator
		{7FFF71A9-A695-4378-99CF-E30E4BD1DE07}.Debug|iPhoneSimulator.Build.0 = Debug|iPhoneSimulator
		{7FFF71A9-A695-4378-99CF-E30E4BD1DE07}.Debug|iPhoneSimulator.Deploy.0 = Debug|iPhoneSimulator
		{7FFF71A9-A695-4378-99CF-E30E4BD1DE07}.Release|Any CPU.ActiveCfg = Release|iPhoneSimulator
		{7FFF71A9-A695-4378-99CF-E30E4BD1DE07}.Release|Any CPU.Build.0 = Release|iPhoneSimulator
		{7FFF71A9-A695-4378-99CF-E30E4BD1DE07}.Release|Any CPU.Deploy.0 = Release|iPhoneSimulator
		{7FFF71A9-A695-4378-99CF-E30E4BD1DE07}.Release|iPhone.ActiveCfg = Release|iPhone
		{7FFF71A9-A695-4378-99CF-E30E4BD1DE07}.Release|iPhone.Build.0 = Release|iPhone
		{7FFF71A9-A695-4378-99CF-E30E4BD1DE07}.Release|iPhone.Deploy.0 = Release|iPhone
		{7FFF71A9-A695-4378-99CF-E30E4BD1DE07}.Release|iPhoneSimulator.ActiveCfg = Release|iPhoneSimulator
		{7FFF71A9-A695-4378-99CF-E30E4BD1DE07}.Release|iPhoneSimulator.Build.0 = Release|iPhoneSimulator
		{7FFF71A9-A695-4378-99CF-E30E4BD1DE07}.Release|iPhoneSimulator.Deploy.0 = Release|iPhoneSimulator
		{54F9AB6B-FF04-4A27-97E9-BCB86ACCDF8F}.Debug|Any CPU.ActiveCfg = Debug|Any CPU
		{54F9AB6B-FF04-4A27-97E9-BCB86ACCDF8F}.Debug|Any CPU.Build.0 = Debug|Any CPU
		{54F9AB6B-FF04-4A27-97E9-BCB86ACCDF8F}.Debug|Any CPU.Deploy.0 = Debug|Any CPU
		{54F9AB6B-FF04-4A27-97E9-BCB86ACCDF8F}.Debug|iPhone.ActiveCfg = Debug|Any CPU
		{54F9AB6B-FF04-4A27-97E9-BCB86ACCDF8F}.Debug|iPhone.Build.0 = Debug|Any CPU
		{54F9AB6B-FF04-4A27-97E9-BCB86ACCDF8F}.Debug|iPhone.Deploy.0 = Debug|Any CPU
		{54F9AB6B-FF04-4A27-97E9-BCB86ACCDF8F}.Debug|iPhoneSimulator.ActiveCfg = Debug|Any CPU
		{54F9AB6B-FF04-4A27-97E9-BCB86ACCDF8F}.Debug|iPhoneSimulator.Build.0 = Debug|Any CPU
		{54F9AB6B-FF04-4A27-97E9-BCB86ACCDF8F}.Debug|iPhoneSimulator.Deploy.0 = Debug|Any CPU
		{54F9AB6B-FF04-4A27-97E9-BCB86ACCDF8F}.Release|Any CPU.ActiveCfg = Release|Any CPU
		{54F9AB6B-FF04-4A27-97E9-BCB86ACCDF8F}.Release|Any CPU.Build.0 = Release|Any CPU
		{54F9AB6B-FF04-4A27-97E9-BCB86ACCDF8F}.Release|Any CPU.Deploy.0 = Release|Any CPU
		{54F9AB6B-FF04-4A27-97E9-BCB86ACCDF8F}.Release|iPhone.ActiveCfg = Release|Any CPU
		{54F9AB6B-FF04-4A27-97E9-BCB86ACCDF8F}.Release|iPhone.Build.0 = Release|Any CPU
		{54F9AB6B-FF04-4A27-97E9-BCB86ACCDF8F}.Release|iPhone.Deploy.0 = Release|Any CPU
		{54F9AB6B-FF04-4A27-97E9-BCB86ACCDF8F}.Release|iPhoneSimulator.ActiveCfg = Release|Any CPU
		{54F9AB6B-FF04-4A27-97E9-BCB86ACCDF8F}.Release|iPhoneSimulator.Build.0 = Release|Any CPU
		{54F9AB6B-FF04-4A27-97E9-BCB86ACCDF8F}.Release|iPhoneSimulator.Deploy.0 = Release|Any CPU
	EndGlobalSection
	GlobalSection(SolutionProperties) = preSolution
		HideSolutionNode = FALSE
	EndGlobalSection
	GlobalSection(ExtensibilityGlobals) = postSolution
		SolutionGuid = {4C94209B-2128-474A-98D0-9EE6AAD88A20}
	EndGlobalSection
EndGlobal
